{
  "nodes": {
    "circleci_client-master": {
      "inputs": {
        "flakeNimbleLib": [
          "flakeNimbleLib"
        ],
        "nixpkgs": [
          "nixpkgs"
        ],
        "src-circleci_client-master": "src-circleci_client-master"
      },
      "locked": {
        "dir": "master",
        "lastModified": 1667322196,
        "narHash": "sha256-5fWWPTJEQLiKXZBJla9OqsGRPGc8mblEM2dbyWs2P0A=",
        "owner": "nim-nix-pkgs",
        "repo": "circleci_client",
        "rev": "d2da98215f88efc93f9c2c20826a9a140daf61b0",
        "type": "github"
      },
      "original": {
        "dir": "master",
        "owner": "nim-nix-pkgs",
        "ref": "master",
        "repo": "circleci_client",
        "type": "github"
      }
    },
    "flakeNimbleLib": {
      "inputs": {
        "nixpkgs": [
          "nixpkgs"
        ]
      },
      "locked": {
        "lastModified": 1662018438,
        "narHash": "sha256-QtNtU6+LX3Wokxf0zlFwKTFOcn6TeDjKQZ+DA9OYtvM=",
        "owner": "riinr",
        "repo": "nim-flakes-lib",
        "rev": "b1fe8340736e3a85d25c709ac3dfd82a55c03cbf",
        "type": "github"
      },
      "original": {
        "owner": "riinr",
        "ref": "master",
        "repo": "nim-flakes-lib",
        "type": "github"
      }
    },
    "nixpkgs": {
      "locked": {
        "lastModified": 1667199707,
        "narHash": "sha256-I2Js3Y7gUyVSEXPULHlBoRek4Lh85vnevdS6mdvDNLI=",
        "owner": "NixOS",
        "repo": "nixpkgs",
        "rev": "ced197be72099edcfa68ebed8b87af7b04851f45",
        "type": "github"
      },
      "original": {
        "id": "nixpkgs",
        "type": "indirect"
      }
    },
    "root": {
      "inputs": {
        "circleci_client-master": "circleci_client-master",
        "flakeNimbleLib": "flakeNimbleLib",
        "nixpkgs": "nixpkgs"
      }
    },
    "src-circleci_client-master": {
      "flake": false,
      "locked": {
        "lastModified": 1468274926,
        "narHash": "sha256-I5P5+9CVMOQI0XArYRD32fecD24CAXgD9MHNqwNJSR4=",
        "owner": "FedericoCeratto",
        "repo": "nim-circleci",
        "rev": "6da50b7f8f60fb3b8c6cad6f003c6278c76e0900",
        "type": "github"
      },
      "original": {
        "owner": "FedericoCeratto",
        "ref": "refs/heads/master",
        "repo": "nim-circleci",
        "type": "github"
      }
    }
  },
  "root": "root",
  "version": 7
}
